
Microsoft Visual Studio Solution File, Format Version 12.00
# Visual Studio 2013
VisualStudioVersion = 12.0.21005.1
MinimumVisualStudioVersion = 10.0.40219.1
Project("{FAE04EC0-301F-11D3-BF4B-00C04F79EFBC}") = "PickBalls", "PickBalls\PickBalls.csproj", "{32BC3E18-BEDC-4110-B4F0-C439A39D4ADC}"
EndProject
Global
	GlobalSection(SolutionConfigurationPlatforms) = preSolution
		Debug|Any CPU = Debug|Any CPU
		Release|Any CPU = Release|Any CPU
	EndGlobalSection
	GlobalSection(ProjectConfigurationPlatforms) = postSolution
		{32BC3E18-BEDC-4110-B4F0-C439A39D4ADC}.Debug|Any CPU.ActiveCfg = Debug|Any CPU
		{32BC3E18-BEDC-4110-B4F0-C439A39D4ADC}.Debug|Any CPU.Build.0 = Debug|Any CPU
		{32BC3E18-BEDC-4110-B4F0-C439A39D4ADC}.Release|Any CPU.ActiveCfg = Release|Any CPU
		{32BC3E18-BEDC-4110-B4F0-C439A39D4ADC}.Release|Any CPU.Build.0 = Release|Any CPU
	EndGlobalSection
	GlobalSection(SolutionProperties) = preSolution
		HideSolutionNode = FALSE
	EndGlobalSection
EndGlobal
